
Microsoft Visual Studio Solution File, Format Version 12.00
# Visual Studio 15
VisualStudioVersion = 15.0.28010.2046
MinimumVisualStudioVersion = 10.0.40219.1
Project("{FAE04EC0-301F-11D3-BF4B-00C04F79EFBC}") = "Vidly", "Vidly\Vidly.csproj", "{9F9144F6-68EF-4F20-BE9E-EA21D8F6AA88}"
EndProject
Global
	GlobalSection(SolutionConfigurationPlatforms) = preSolution
		Debug|Any CPU = Debug|Any CPU
		Release|Any CPU = Release|Any CPU
	EndGlobalSection
	GlobalSection(ProjectConfigurationPlatforms) = postSolution
		{9F9144F6-68EF-4F20-BE9E-EA21D8F6AA88}.Debug|Any CPU.ActiveCfg = Debug|Any CPU
		{9F9144F6-68EF-4F20-BE9E-EA21D8F6AA88}.Debug|Any CPU.Build.0 = Debug|Any CPU
		{9F9144F6-68EF-4F20-BE9E-EA21D8F6AA88}.Release|Any CPU.ActiveCfg = Release|Any CPU
		{9F9144F6-68EF-4F20-BE9E-EA21D8F6AA88}.Release|Any CPU.Build.0 = Release|Any CPU
	EndGlobalSection
	GlobalSection(SolutionProperties) = preSolution
		HideSolutionNode = FALSE
	EndGlobalSection
	GlobalSection(ExtensibilityGlobals) = postSolution
		SolutionGuid = {6646172B-0924-427A-92CA-12D112F2C271}
	EndGlobalSection
EndGlobal
